
Microsoft Visual Studio Solution File, Format Version 12.00
# Visual Studio Version 17
VisualStudioVersion = 17.3.32819.101
MinimumVisualStudioVersion = 10.0.40219.1
Project("{FAE04EC0-301F-11D3-BF4B-00C04F79EFBC}") = "Lab_06", "Lab_06\Lab_06.csproj", "{8F837F0E-728D-4095-9976-B9BDD09CC9D0}"
EndProject
Global
	GlobalSection(SolutionConfigurationPlatforms) = preSolution
		Debug|Any CPU = Debug|Any CPU
		Release|Any CPU = Release|Any CPU
	EndGlobalSection
	GlobalSection(ProjectConfigurationPlatforms) = postSolution
		{8F837F0E-728D-4095-9976-B9BDD09CC9D0}.Debug|Any CPU.ActiveCfg = Debug|Any CPU
		{8F837F0E-728D-4095-9976-B9BDD09CC9D0}.Debug|Any CPU.Build.0 = Debug|Any CPU
		{8F837F0E-728D-4095-9976-B9BDD09CC9D0}.Release|Any CPU.ActiveCfg = Release|Any CPU
		{8F837F0E-728D-4095-9976-B9BDD09CC9D0}.Release|Any CPU.Build.0 = Release|Any CPU
	EndGlobalSection
	GlobalSection(SolutionProperties) = preSolution
		HideSolutionNode = FALSE
	EndGlobalSection
	GlobalSection(ExtensibilityGlobals) = postSolution
		SolutionGuid = {EAA40CB4-6442-4DC7-944A-A27A72608847}
	EndGlobalSection
EndGlobal
