
Microsoft Visual Studio Solution File, Format Version 12.00
# Visual Studio Version 17
VisualStudioVersion = 17.7.34003.232
MinimumVisualStudioVersion = 10.0.40219.1
Project("{8BC9CEB8-8B4A-11D0-8D11-00A0C91BC942}") = "lab14", "lab14\lab14.vcxproj", "{1FFB0D44-631D-467E-8EB7-D5A3951B9298}"
EndProject
Global
	GlobalSection(SolutionConfigurationPlatforms) = preSolution
		Debug|x64 = Debug|x64
		Debug|x86 = Debug|x86
		Release|x64 = Release|x64
		Release|x86 = Release|x86
	EndGlobalSection
	GlobalSection(ProjectConfigurationPlatforms) = postSolution
		{1FFB0D44-631D-467E-8EB7-D5A3951B9298}.Debug|x64.ActiveCfg = Debug|x64
		{1FFB0D44-631D-467E-8EB7-D5A3951B9298}.Debug|x64.Build.0 = Debug|x64
		{1FFB0D44-631D-467E-8EB7-D5A3951B9298}.Debug|x86.ActiveCfg = Debug|Win32
		{1FFB0D44-631D-467E-8EB7-D5A3951B9298}.Debug|x86.Build.0 = Debug|Win32
		{1FFB0D44-631D-467E-8EB7-D5A3951B9298}.Release|x64.ActiveCfg = Release|x64
		{1FFB0D44-631D-467E-8EB7-D5A3951B9298}.Release|x64.Build.0 = Release|x64
		{1FFB0D44-631D-467E-8EB7-D5A3951B9298}.Release|x86.ActiveCfg = Release|Win32
		{1FFB0D44-631D-467E-8EB7-D5A3951B9298}.Release|x86.Build.0 = Release|Win32
	EndGlobalSection
	GlobalSection(SolutionProperties) = preSolution
		HideSolutionNode = FALSE
	EndGlobalSection
	GlobalSection(ExtensibilityGlobals) = postSolution
		SolutionGuid = {116DEA57-6F52-412B-8C54-5AF7F86F4374}
	EndGlobalSection
EndGlobal
